
Microsoft Visual Studio Solution File, Format Version 12.00
# Visual Studio Version 17
VisualStudioVersion = 17.5.33530.505
MinimumVisualStudioVersion = 10.0.40219.1
Project("{9A19103F-16F7-4668-BE54-9A1E7A4F7556}") = "MedicalRespaldo", "MedicalRespaldo\MedicalRespaldo.csproj", "{A60C02C8-1941-4D83-8335-5235839CF04B}"
EndProject
Project("{9A19103F-16F7-4668-BE54-9A1E7A4F7556}") = "BackRespaldo", "BackRespaldo\BackRespaldo.csproj", "{86C22562-D166-4B90-96E5-85EC1FC3BFE0}"
EndProject
Global
	GlobalSection(SolutionConfigurationPlatforms) = preSolution
		Debug|Any CPU = Debug|Any CPU
		Release|Any CPU = Release|Any CPU
	EndGlobalSection
	GlobalSection(ProjectConfigurationPlatforms) = postSolution
		{A60C02C8-1941-4D83-8335-5235839CF04B}.Debug|Any CPU.ActiveCfg = Debug|Any CPU
		{A60C02C8-1941-4D83-8335-5235839CF04B}.Debug|Any CPU.Build.0 = Debug|Any CPU
		{A60C02C8-1941-4D83-8335-5235839CF04B}.Release|Any CPU.ActiveCfg = Release|Any CPU
		{A60C02C8-1941-4D83-8335-5235839CF04B}.Release|Any CPU.Build.0 = Release|Any CPU
		{86C22562-D166-4B90-96E5-85EC1FC3BFE0}.Debug|Any CPU.ActiveCfg = Debug|Any CPU
		{86C22562-D166-4B90-96E5-85EC1FC3BFE0}.Debug|Any CPU.Build.0 = Debug|Any CPU
		{86C22562-D166-4B90-96E5-85EC1FC3BFE0}.Release|Any CPU.ActiveCfg = Release|Any CPU
		{86C22562-D166-4B90-96E5-85EC1FC3BFE0}.Release|Any CPU.Build.0 = Release|Any CPU
	EndGlobalSection
	GlobalSection(SolutionProperties) = preSolution
		HideSolutionNode = FALSE
	EndGlobalSection
	GlobalSection(ExtensibilityGlobals) = postSolution
		SolutionGuid = {C3BAA737-ED93-4FE0-B65C-05187FA16214}
	EndGlobalSection
EndGlobal
